{
  "nodes": {
    "flake-utils": {
      "locked": {
        "lastModified": 1667395993,
        "narHash": "sha256-nuEHfE/LcWyuSWnS8t12N1wc105Qtau+/OdUAjtQ0rA=",
        "owner": "numtide",
        "repo": "flake-utils",
        "rev": "5aed5285a952e0b949eb3ba02c12fa4fcfef535f",
        "type": "github"
      },
      "original": {
        "owner": "numtide",
        "repo": "flake-utils",
        "type": "github"
      }
    },
    "naersk": {
      "inputs": {
        "nixpkgs": "nixpkgs"
      },
      "locked": {
        "lastModified": 1662220400,
        "narHash": "sha256-9o2OGQqu4xyLZP9K6kNe1pTHnyPz0Wr3raGYnr9AIgY=",
        "owner": "nix-community",
        "repo": "naersk",
        "rev": "6944160c19cb591eb85bbf9b2f2768a935623ed3",
        "type": "github"
      },
      "original": {
        "owner": "nix-community",
        "ref": "master",
        "repo": "naersk",
        "type": "github"
      }
    },
    "nixpkgs": {
      "locked": {
        "lastModified": 1667758139,
        "narHash": "sha256-CbDAP6wttlaVs9s4DPZlJ5Wf6Ozz9lX7SdJVtFA8cAo=",
        "owner": "NixOS",
        "repo": "nixpkgs",
        "rev": "8993cc730d11148ef59e84a8f15f94f688e1bfd1",
        "type": "github"
      },
      "original": {
        "id": "nixpkgs",
        "type": "indirect"
      }
    },
    "nixpkgs-mozilla": {
      "flake": false,
      "locked": {
        "lastModified": 1664789696,
        "narHash": "sha256-UGWJHQShiwLCr4/DysMVFrYdYYHcOqAOVsWNUu+l6YU=",
        "owner": "mozilla",
        "repo": "nixpkgs-mozilla",
        "rev": "80627b282705101e7b38e19ca6e8df105031b072",
        "type": "github"
      },
      "original": {
        "owner": "mozilla",
        "repo": "nixpkgs-mozilla",
        "type": "github"
      }
    },
    "nixpkgs_2": {
      "locked": {
        "lastModified": 1668058645,
        "narHash": "sha256-vHAXeYfKVO6ZbDN0GquEPVFZ42LzlYoX4ZWuKteFzj0=",
        "owner": "NixOS",
        "repo": "nixpkgs",
        "rev": "d01cb18be494e3d860fcfe6be4ad63614360333c",
        "type": "github"
      },
      "original": {
        "id": "nixpkgs",
        "type": "indirect"
      }
    },
    "root": {
      "inputs": {
        "flake-utils": "flake-utils",
        "naersk": "naersk",
        "nixpkgs": "nixpkgs_2",
        "nixpkgs-mozilla": "nixpkgs-mozilla"
      }
    }
  },
  "root": "root",
  "version": 7
}
